
Microsoft Visual Studio Solution File, Format Version 12.00
# Visual Studio Version 17
VisualStudioVersion = 17.13.35931.197 d17.13
MinimumVisualStudioVersion = 10.0.40219.1
Project("{FAE04EC0-301F-11D3-BF4B-00C04F79EFBC}") = "SharpRecycledGate", "SharpRecycledGate.csproj", "{ECCDC397-8C8B-449E-A015-9171E9D0B639}"
EndProject
Global
	GlobalSection(SolutionConfigurationPlatforms) = preSolution
		Debug|Any CPU = Debug|Any CPU
		Debug|x64 = Debug|x64
		Release|Any CPU = Release|Any CPU
		Release|x64 = Release|x64
	EndGlobalSection
	GlobalSection(ProjectConfigurationPlatforms) = postSolution
		{ECCDC397-8C8B-449E-A015-9171E9D0B639}.Debug|Any CPU.ActiveCfg = Release|x64
		{ECCDC397-8C8B-449E-A015-9171E9D0B639}.Debug|Any CPU.Build.0 = Release|x64
		{ECCDC397-8C8B-449E-A015-9171E9D0B639}.Debug|x64.ActiveCfg = Debug|x64
		{ECCDC397-8C8B-449E-A015-9171E9D0B639}.Debug|x64.Build.0 = Debug|x64
		{ECCDC397-8C8B-449E-A015-9171E9D0B639}.Release|Any CPU.ActiveCfg = Release|Any CPU
		{ECCDC397-8C8B-449E-A015-9171E9D0B639}.Release|Any CPU.Build.0 = Release|Any CPU
		{ECCDC397-8C8B-449E-A015-9171E9D0B639}.Release|x64.ActiveCfg = Release|x64
		{ECCDC397-8C8B-449E-A015-9171E9D0B639}.Release|x64.Build.0 = Release|x64
	EndGlobalSection
	GlobalSection(SolutionProperties) = preSolution
		HideSolutionNode = FALSE
	EndGlobalSection
	GlobalSection(ExtensibilityGlobals) = postSolution
		SolutionGuid = {7506C3D3-403B-4AD6-B709-82D0B8A5D6A7}
	EndGlobalSection
EndGlobal
